// !$*UTF8*$!
{
	archiveVersion = 1;
	classes = {
	};
	objectVersion = 77;
	objects = {

/* Begin PBXBuildFile section */
		0D9AF16E9F26F72567CD5C30 /* KeyboardShortcuts in Frameworks */ = {isa = PBXBuildFile; productRef = 0A74D822EA223B654224F337 /* KeyboardShortcuts */; };
		1DD51786DA4262F83AA679EF /* AutoShowSettingsView.swift in Sources */ = {isa = PBXBuildFile; fileRef = 31B278A84464392BDD2AE67F /* AutoShowSettingsView.swift */; };
		1F389C9C64239E6DA38355FC /* AppMemoryStore.swift in Sources */ = {isa = PBXBuildFile; fileRef = 31752E80270E35A42031D7DA /* AppMemoryStore.swift */; };
		25E01CE54226B263DBEE9594 /* TextInjector.swift in Sources */ = {isa = PBXBuildFile; fileRef = 9413C082D3AD80B1A870FBE4 /* TextInjector.swift */; };
		2B66314775AB60D21FD17683 /* Localizable.xcstrings in Resources */ = {isa = PBXBuildFile; fileRef = 34B9881BAB51BD143609E6AC /* Localizable.xcstrings */; };
		33ECC3EDE488D96B9740776D /* LaunchAtLoginService.swift in Sources */ = {isa = PBXBuildFile; fileRef = 5F43C28B4FB00D6EF7F47759 /* LaunchAtLoginService.swift */; };
		356CD141AC1C95A827B4E1ED /* SettingsView.swift in Sources */ = {isa = PBXBuildFile; fileRef = AA29D0CD29819FBFEDEB468F /* SettingsView.swift */; };
		36CD59862EDD93330953C911 /* Sparkle in Frameworks */ = {isa = PBXBuildFile; productRef = 47BA77B0737A38004390AEEF /* Sparkle */; };
		418D4FC25E728887795AB9F7 /* AccessibilityPermission.swift in Sources */ = {isa = PBXBuildFile; fileRef = 650A44B9B1FDF3D1720DA34E /* AccessibilityPermission.swift */; };
		447B34FD44479F7C86232F00 /* AutoShowMonitor.swift in Sources */ = {isa = PBXBuildFile; fileRef = BFD168E7E9F72B73533F214E /* AutoShowMonitor.swift */; };
		623AE45E596F6F931BFA68AD /* HistoryStore.swift in Sources */ = {isa = PBXBuildFile; fileRef = 76EE3B0D903F2444520D2FCE /* HistoryStore.swift */; };
		6A25C0A56994CACCE9C2B8F3 /* InputPanelController.swift in Sources */ = {isa = PBXBuildFile; fileRef = E6313DB447B37B5F6C5BCC37 /* InputPanelController.swift */; };
		6EEE70B68253C543D3FB0F57 /* OpenInputApp.swift in Sources */ = {isa = PBXBuildFile; fileRef = 3CD862F1B1CDB887CEFBD2B3 /* OpenInputApp.swift */; };
		72E28694A7EFBCEFA4C7D76A /* FocusTracker.swift in Sources */ = {isa = PBXBuildFile; fileRef = ED996FBB08E9C7476A6EA485 /* FocusTracker.swift */; };
		8769DA9507582C90FCDFC835 /* PreferencesStore.swift in Sources */ = {isa = PBXBuildFile; fileRef = D8E89B6255D83404E4A74997 /* PreferencesStore.swift */; };
		890E24C47B1D67F61D0AA983 /* Assets.xcassets in Resources */ = {isa = PBXBuildFile; fileRef = DB7A83C151279C3000B0B06E /* Assets.xcassets */; };
		A920B6C0FCF949E3ED01C471 /* HotkeyService.swift in Sources */ = {isa = PBXBuildFile; fileRef = 8698FAAE1823D157FCA28CBD /* HotkeyService.swift */; };
		ACF5AC3CF50E460BA53DAA38 /* InfoPlist.strings in Resources */ = {isa = PBXBuildFile; fileRef = F7AB416355B604006D208E29 /* InfoPlist.strings */; };
		AF39E1E236B3D4A3FB3A2971 /* InputPanelView.swift in Sources */ = {isa = PBXBuildFile; fileRef = 7721344FA020FA7A74B8BFAD /* InputPanelView.swift */; };
		CD5E62CEDF2C0E8B0581CD8B /* AppPreferences.swift in Sources */ = {isa = PBXBuildFile; fileRef = DBABB2B83644F091E3F4D5D6 /* AppPreferences.swift */; };
		EB108BD205C362AB5B7AE2BA /* HistorySettingsView.swift in Sources */ = {isa = PBXBuildFile; fileRef = B2C1719C420932898309427F /* HistorySettingsView.swift */; };
		ED89483A9067D5DC1F5DCE89 /* AppDelegate.swift in Sources */ = {isa = PBXBuildFile; fileRef = A647C2EA60AB5C7E4260C552 /* AppDelegate.swift */; };
/* End PBXBuildFile section */

/* Begin PBXFileReference section */
		31752E80270E35A42031D7DA /* AppMemoryStore.swift */ = {isa = PBXFileReference; lastKnownFileType = sourcecode.swift; path = AppMemoryStore.swift; sourceTree = "<group>"; };
		31B278A84464392BDD2AE67F /* AutoShowSettingsView.swift */ = {isa = PBXFileReference; lastKnownFileType = sourcecode.swift; path = AutoShowSettingsView.swift; sourceTree = "<group>"; };
		34B9881BAB51BD143609E6AC /* Localizable.xcstrings */ = {isa = PBXFileReference; lastKnownFileType = text.json.xcstrings; path = Localizable.xcstrings; sourceTree = "<group>"; };
		3CD862F1B1CDB887CEFBD2B3 /* OpenInputApp.swift */ = {isa = PBXFileReference; lastKnownFileType = sourcecode.swift; path = OpenInputApp.swift; sourceTree = "<group>"; };
		433E7C7D3C18C1FDC344463A /* zh-Hans */ = {isa = PBXFileReference; lastKnownFileType = text.plist.strings; name = "zh-Hans"; path = "zh-Hans.lproj/InfoPlist.strings"; sourceTree = "<group>"; };
		447501AB7BE7554E3BD1C63C /* en */ = {isa = PBXFileReference; lastKnownFileType = text.plist.strings; name = en; path = en.lproj/InfoPlist.strings; sourceTree = "<group>"; };
		5F43C28B4FB00D6EF7F47759 /* LaunchAtLoginService.swift */ = {isa = PBXFileReference; lastKnownFileType = sourcecode.swift; path = LaunchAtLoginService.swift; sourceTree = "<group>"; };
		650A44B9B1FDF3D1720DA34E /* AccessibilityPermission.swift */ = {isa = PBXFileReference; lastKnownFileType = sourcecode.swift; path = AccessibilityPermission.swift; sourceTree = "<group>"; };
		718B041EC76D7AC6B66CEB22 /* OpenInput.entitlements */ = {isa = PBXFileReference; lastKnownFileType = text.plist.entitlements; path = OpenInput.entitlements; sourceTree = "<group>"; };
		76EE3B0D903F2444520D2FCE /* HistoryStore.swift */ = {isa = PBXFileReference; lastKnownFileType = sourcecode.swift; path = HistoryStore.swift; sourceTree = "<group>"; };
		7721344FA020FA7A74B8BFAD /* InputPanelView.swift */ = {isa = PBXFileReference; lastKnownFileType = sourcecode.swift; path = InputPanelView.swift; sourceTree = "<group>"; };
		8698FAAE1823D157FCA28CBD /* HotkeyService.swift */ = {isa = PBXFileReference; lastKnownFileType = sourcecode.swift; path = HotkeyService.swift; sourceTree = "<group>"; };
		9413C082D3AD80B1A870FBE4 /* TextInjector.swift */ = {isa = PBXFileReference; lastKnownFileType = sourcecode.swift; path = TextInjector.swift; sourceTree = "<group>"; };
		A40E3971F82BDE44D73FAE38 /* OpenInput.app */ = {isa = PBXFileReference; explicitFileType = wrapper.application; includeInIndex = 0; path = OpenInput.app; sourceTree = BUILT_PRODUCTS_DIR; };
		A647C2EA60AB5C7E4260C552 /* AppDelegate.swift */ = {isa = PBXFileReference; lastKnownFileType = sourcecode.swift; path = AppDelegate.swift; sourceTree = "<group>"; };
		AA29D0CD29819FBFEDEB468F /* SettingsView.swift */ = {isa = PBXFileReference; lastKnownFileType = sourcecode.swift; path = SettingsView.swift; sourceTree = "<group>"; };
		B2C1719C420932898309427F /* HistorySettingsView.swift */ = {isa = PBXFileReference; lastKnownFileType = sourcecode.swift; path = HistorySettingsView.swift; sourceTree = "<group>"; };
		BFD168E7E9F72B73533F214E /* AutoShowMonitor.swift */ = {isa = PBXFileReference; lastKnownFileType = sourcecode.swift; path = AutoShowMonitor.swift; sourceTree = "<group>"; };
		D8E89B6255D83404E4A74997 /* PreferencesStore.swift */ = {isa = PBXFileReference; lastKnownFileType = sourcecode.swift; path = PreferencesStore.swift; sourceTree = "<group>"; };
		DB7A83C151279C3000B0B06E /* Assets.xcassets */ = {isa = PBXFileReference; lastKnownFileType = folder.assetcatalog; path = Assets.xcassets; sourceTree = "<group>"; };
		DBABB2B83644F091E3F4D5D6 /* AppPreferences.swift */ = {isa = PBXFileReference; lastKnownFileType = sourcecode.swift; path = AppPreferences.swift; sourceTree = "<group>"; };
		E6313DB447B37B5F6C5BCC37 /* InputPanelController.swift */ = {isa = PBXFileReference; lastKnownFileType = sourcecode.swift; path = InputPanelController.swift; sourceTree = "<group>"; };
		ED996FBB08E9C7476A6EA485 /* FocusTracker.swift */ = {isa = PBXFileReference; lastKnownFileType = sourcecode.swift; path = FocusTracker.swift; sourceTree = "<group>"; };
/* End PBXFileReference section */

/* Begin PBXFrameworksBuildPhase section */
		96862BA79FE28411589C9807 /* Frameworks */ = {
			isa = PBXFrameworksBuildPhase;
			buildActionMask = 2147483647;
			files = (
				0D9AF16E9F26F72567CD5C30 /* KeyboardShortcuts in Frameworks */,
				36CD59862EDD93330953C911 /* Sparkle in Frameworks */,
			);
			runOnlyForDeploymentPostprocessing = 0;
		};
/* End PBXFrameworksBuildPhase section */

/* Begin PBXGroup section */
		00D1F1ECC45DB7DA57F07BA5 /* Services */ = {
			isa = PBXGroup;
			children = (
				650A44B9B1FDF3D1720DA34E /* AccessibilityPermission.swift */,
				31752E80270E35A42031D7DA /* AppMemoryStore.swift */,
				BFD168E7E9F72B73533F214E /* AutoShowMonitor.swift */,
				ED996FBB08E9C7476A6EA485 /* FocusTracker.swift */,
				76EE3B0D903F2444520D2FCE /* HistoryStore.swift */,
				8698FAAE1823D157FCA28CBD /* HotkeyService.swift */,
				5F43C28B4FB00D6EF7F47759 /* LaunchAtLoginService.swift */,
				D8E89B6255D83404E4A74997 /* PreferencesStore.swift */,
				9413C082D3AD80B1A870FBE4 /* TextInjector.swift */,
			);
			path = Services;
			sourceTree = "<group>";
		};
		1E049F47108595D5F4AF002C = {
			isa = PBXGroup;
			children = (
				CA6EB9D820A6E0C51330E43B /* OpenInput */,
				3F66B8D07E69A5E759DDA7B4 /* Products */,
			);
			sourceTree = "<group>";
		};
		3F66B8D07E69A5E759DDA7B4 /* Products */ = {
			isa = PBXGroup;
			children = (
				A40E3971F82BDE44D73FAE38 /* OpenInput.app */,
			);
			name = Products;
			sourceTree = "<group>";
		};
		45932E25C994F48C6C572AE7 /* Models */ = {
			isa = PBXGroup;
			children = (
				DBABB2B83644F091E3F4D5D6 /* AppPreferences.swift */,
			);
			path = Models;
			sourceTree = "<group>";
		};
		85DD71634B83A88A36975FA3 /* UI */ = {
			isa = PBXGroup;
			children = (
				8807F39973B0FF4C3E629BDB /* History */,
				AE84C115DCAA5765C5BD8B18 /* InputPanel */,
				A312917103C039FD04847B5F /* Settings */,
			);
			path = UI;
			sourceTree = "<group>";
		};
		8807F39973B0FF4C3E629BDB /* History */ = {
			isa = PBXGroup;
			children = (
				B2C1719C420932898309427F /* HistorySettingsView.swift */,
			);
			path = History;
			sourceTree = "<group>";
		};
		A312917103C039FD04847B5F /* Settings */ = {
			isa = PBXGroup;
			children = (
				31B278A84464392BDD2AE67F /* AutoShowSettingsView.swift */,
				AA29D0CD29819FBFEDEB468F /* SettingsView.swift */,
			);
			path = Settings;
			sourceTree = "<group>";
		};
		AE84C115DCAA5765C5BD8B18 /* InputPanel */ = {
			isa = PBXGroup;
			children = (
				E6313DB447B37B5F6C5BCC37 /* InputPanelController.swift */,
				7721344FA020FA7A74B8BFAD /* InputPanelView.swift */,
			);
			path = InputPanel;
			sourceTree = "<group>";
		};
		CA6EB9D820A6E0C51330E43B /* OpenInput */ = {
			isa = PBXGroup;
			children = (
				D30E77DC8954203CE262B260 /* App */,
				45932E25C994F48C6C572AE7 /* Models */,
				DC837AAD91FAC7D47C49271D /* Resources */,
				00D1F1ECC45DB7DA57F07BA5 /* Services */,
				85DD71634B83A88A36975FA3 /* UI */,
			);
			path = OpenInput;
			sourceTree = "<group>";
		};
		D30E77DC8954203CE262B260 /* App */ = {
			isa = PBXGroup;
			children = (
				A647C2EA60AB5C7E4260C552 /* AppDelegate.swift */,
				3CD862F1B1CDB887CEFBD2B3 /* OpenInputApp.swift */,
			);
			path = App;
			sourceTree = "<group>";
		};
		DC837AAD91FAC7D47C49271D /* Resources */ = {
			isa = PBXGroup;
			children = (
				DB7A83C151279C3000B0B06E /* Assets.xcassets */,
				34B9881BAB51BD143609E6AC /* Localizable.xcstrings */,
				718B041EC76D7AC6B66CEB22 /* OpenInput.entitlements */,
				F7AB416355B604006D208E29 /* InfoPlist.strings */,
			);
			path = Resources;
			sourceTree = "<group>";
		};
/* End PBXGroup section */

/* Begin PBXNativeTarget section */
		E2C35A70D2BA63A04831F020 /* OpenInput */ = {
			isa = PBXNativeTarget;
			buildConfigurationList = 61B356B5CF201B9755FDD562 /* Build configuration list for PBXNativeTarget "OpenInput" */;
			buildPhases = (
				8E2DCBA692DFFDA48391FB0F /* Sources */,
				5AD4A3402330654DF44B7E45 /* Resources */,
				96862BA79FE28411589C9807 /* Frameworks */,
			);
			buildRules = (
			);
			dependencies = (
			);
			name = OpenInput;
			packageProductDependencies = (
				0A74D822EA223B654224F337 /* KeyboardShortcuts */,
				47BA77B0737A38004390AEEF /* Sparkle */,
			);
			productName = OpenInput;
			productReference = A40E3971F82BDE44D73FAE38 /* OpenInput.app */;
			productType = "com.apple.product-type.application";
		};
/* End PBXNativeTarget section */

/* Begin PBXProject section */
		6083C0A4D2AD765E653E76F3 /* Project object */ = {
			isa = PBXProject;
			attributes = {
				BuildIndependentTargetsInParallel = YES;
				LastUpgradeCheck = 1600;
				TargetAttributes = {
				};
			};
			buildConfigurationList = D7F9FD0BCEA20955468652DF /* Build configuration list for PBXProject "OpenInput" */;
			developmentRegion = "zh-Hans";
			hasScannedForEncodings = 0;
			knownRegions = (
				Base,
				en,
				"zh-Hans",
			);
			mainGroup = 1E049F47108595D5F4AF002C;
			minimizedProjectReferenceProxies = 1;
			packageReferences = (
				BF9483FD9B399BF90BC0E6CC /* XCRemoteSwiftPackageReference "KeyboardShortcuts" */,
				65D6C9F73982858D8FA18A35 /* XCRemoteSwiftPackageReference "Sparkle" */,
			);
			preferredProjectObjectVersion = 77;
			productRefGroup = 3F66B8D07E69A5E759DDA7B4 /* Products */;
			projectDirPath = "";
			projectRoot = "";
			targets = (
				E2C35A70D2BA63A04831F020 /* OpenInput */,
			);
		};
/* End PBXProject section */

/* Begin PBXResourcesBuildPhase section */
		5AD4A3402330654DF44B7E45 /* Resources */ = {
			isa = PBXResourcesBuildPhase;
			buildActionMask = 2147483647;
			files = (
				890E24C47B1D67F61D0AA983 /* Assets.xcassets in Resources */,
				ACF5AC3CF50E460BA53DAA38 /* InfoPlist.strings in Resources */,
				2B66314775AB60D21FD17683 /* Localizable.xcstrings in Resources */,
			);
			runOnlyForDeploymentPostprocessing = 0;
		};
/* End PBXResourcesBuildPhase section */

/* Begin PBXSourcesBuildPhase section */
		8E2DCBA692DFFDA48391FB0F /* Sources */ = {
			isa = PBXSourcesBuildPhase;
			buildActionMask = 2147483647;
			files = (
				418D4FC25E728887795AB9F7 /* AccessibilityPermission.swift in Sources */,
				ED89483A9067D5DC1F5DCE89 /* AppDelegate.swift in Sources */,
				1F389C9C64239E6DA38355FC /* AppMemoryStore.swift in Sources */,
				CD5E62CEDF2C0E8B0581CD8B /* AppPreferences.swift in Sources */,
				447B34FD44479F7C86232F00 /* AutoShowMonitor.swift in Sources */,
				1DD51786DA4262F83AA679EF /* AutoShowSettingsView.swift in Sources */,
				72E28694A7EFBCEFA4C7D76A /* FocusTracker.swift in Sources */,
				EB108BD205C362AB5B7AE2BA /* HistorySettingsView.swift in Sources */,
				623AE45E596F6F931BFA68AD /* HistoryStore.swift in Sources */,
				A920B6C0FCF949E3ED01C471 /* HotkeyService.swift in Sources */,
				6A25C0A56994CACCE9C2B8F3 /* InputPanelController.swift in Sources */,
				AF39E1E236B3D4A3FB3A2971 /* InputPanelView.swift in Sources */,
				33ECC3EDE488D96B9740776D /* LaunchAtLoginService.swift in Sources */,
				6EEE70B68253C543D3FB0F57 /* OpenInputApp.swift in Sources */,
				8769DA9507582C90FCDFC835 /* PreferencesStore.swift in Sources */,
				356CD141AC1C95A827B4E1ED /* SettingsView.swift in Sources */,
				25E01CE54226B263DBEE9594 /* TextInjector.swift in Sources */,
			);
			runOnlyForDeploymentPostprocessing = 0;
		};
/* End PBXSourcesBuildPhase section */

/* Begin PBXVariantGroup section */
		F7AB416355B604006D208E29 /* InfoPlist.strings */ = {
			isa = PBXVariantGroup;
			children = (
				447501AB7BE7554E3BD1C63C /* en */,
				433E7C7D3C18C1FDC344463A /* zh-Hans */,
			);
			name = InfoPlist.strings;
			sourceTree = "<group>";
		};
/* End PBXVariantGroup section */

/* Begin XCBuildConfiguration section */
		01774D99D8995E2DE468AE8E /* Debug */ = {
			isa = XCBuildConfiguration;
			buildSettings = {
				ALWAYS_SEARCH_USER_PATHS = NO;
				CLANG_ANALYZER_NONNULL = YES;
				CLANG_ANALYZER_NUMBER_OBJECT_CONVERSION = YES_AGGRESSIVE;
				CLANG_CXX_LANGUAGE_STANDARD = "gnu++14";
				CLANG_CXX_LIBRARY = "libc++";
				CLANG_ENABLE_MODULES = YES;
				CLANG_ENABLE_OBJC_ARC = YES;
				CLANG_ENABLE_OBJC_WEAK = YES;
				CLANG_WARN_BLOCK_CAPTURE_AUTORELEASING = YES;
				CLANG_WARN_BOOL_CONVERSION = YES;
				CLANG_WARN_COMMA = YES;
				CLANG_WARN_CONSTANT_CONVERSION = YES;
				CLANG_WARN_DEPRECATED_OBJC_IMPLEMENTATIONS = YES;
				CLANG_WARN_DIRECT_OBJC_ISA_USAGE = YES_ERROR;
				CLANG_WARN_DOCUMENTATION_COMMENTS = YES;
				CLANG_WARN_EMPTY_BODY = YES;
				CLANG_WARN_ENUM_CONVERSION = YES;
				CLANG_WARN_INFINITE_RECURSION = YES;
				CLANG_WARN_INT_CONVERSION = YES;
				CLANG_WARN_NON_LITERAL_NULL_CONVERSION = YES;
				CLANG_WARN_OBJC_IMPLICIT_RETAIN_SELF = YES;
				CLANG_WARN_OBJC_LITERAL_CONVERSION = YES;
				CLANG_WARN_OBJC_ROOT_CLASS = YES_ERROR;
				CLANG_WARN_QUOTED_INCLUDE_IN_FRAMEWORK_HEADER = YES;
				CLANG_WARN_RANGE_LOOP_ANALYSIS = YES;
				CLANG_WARN_STRICT_PROTOTYPES = YES;
				CLANG_WARN_SUSPICIOUS_MOVE = YES;
				CLANG_WARN_UNGUARDED_AVAILABILITY = YES_AGGRESSIVE;
				CLANG_WARN_UNREACHABLE_CODE = YES;
				CLANG_WARN__DUPLICATE_METHOD_MATCH = YES;
				CODE_SIGN_STYLE = Automatic;
				COPY_PHASE_STRIP = NO;
				DEBUG_INFORMATION_FORMAT = dwarf;
				ENABLE_HARDENED_RUNTIME = NO;
				ENABLE_STRICT_OBJC_MSGSEND = YES;
				ENABLE_TESTABILITY = YES;
				GCC_C_LANGUAGE_STANDARD = gnu11;
				GCC_DYNAMIC_NO_PIC = NO;
				GCC_NO_COMMON_BLOCKS = YES;
				GCC_OPTIMIZATION_LEVEL = 0;
				GCC_PREPROCESSOR_DEFINITIONS = (
					"$(inherited)",
					"DEBUG=1",
				);
				GCC_WARN_64_TO_32_BIT_CONVERSION = YES;
				GCC_WARN_ABOUT_RETURN_TYPE = YES_ERROR;
				GCC_WARN_UNDECLARED_SELECTOR = YES;
				GCC_WARN_UNINITIALIZED_AUTOS = YES_AGGRESSIVE;
				GCC_WARN_UNUSED_FUNCTION = YES;
				GCC_WARN_UNUSED_VARIABLE = YES;
				MACOSX_DEPLOYMENT_TARGET = 14.0;
				MTL_ENABLE_DEBUG_INFO = INCLUDE_SOURCE;
				MTL_FAST_MATH = YES;
				ONLY_ACTIVE_ARCH = YES;
				PRODUCT_NAME = "$(TARGET_NAME)";
				SDKROOT = macosx;
				SWIFT_ACTIVE_COMPILATION_CONDITIONS = DEBUG;
				SWIFT_OPTIMIZATION_LEVEL = "-Onone";
				SWIFT_VERSION = 6.0;
			};
			name = Debug;
		};
		0EB7C876A977E955089E941A /* Release */ = {
			isa = XCBuildConfiguration;
			buildSettings = {
				ASSETCATALOG_COMPILER_APPICON_NAME = AppIcon;
				CODE_SIGN_ENTITLEMENTS = OpenInput/Resources/OpenInput.entitlements;
				COMBINE_HIDPI_IMAGES = YES;
				CURRENT_PROJECT_VERSION = 3;
				GENERATE_INFOPLIST_FILE = NO;
				INFOPLIST_FILE = OpenInput/Resources/Info.plist;
				LD_RUNPATH_SEARCH_PATHS = "@executable_path/../Frameworks";
				MARKETING_VERSION = 1.0.2;
				PRODUCT_BUNDLE_IDENTIFIER = com.x0c.openinput;
				PRODUCT_NAME = OpenInput;
				SDKROOT = macosx;
			};
			name = Release;
		};
		1EEA20540BB5ACF14726C04E /* Release */ = {
			isa = XCBuildConfiguration;
			buildSettings = {
				ALWAYS_SEARCH_USER_PATHS = NO;
				CLANG_ANALYZER_NONNULL = YES;
				CLANG_ANALYZER_NUMBER_OBJECT_CONVERSION = YES_AGGRESSIVE;
				CLANG_CXX_LANGUAGE_STANDARD = "gnu++14";
				CLANG_CXX_LIBRARY = "libc++";
				CLANG_ENABLE_MODULES = YES;
				CLANG_ENABLE_OBJC_ARC = YES;
				CLANG_ENABLE_OBJC_WEAK = YES;
				CLANG_WARN_BLOCK_CAPTURE_AUTORELEASING = YES;
				CLANG_WARN_BOOL_CONVERSION = YES;
				CLANG_WARN_COMMA = YES;
				CLANG_WARN_CONSTANT_CONVERSION = YES;
				CLANG_WARN_DEPRECATED_OBJC_IMPLEMENTATIONS = YES;
				CLANG_WARN_DIRECT_OBJC_ISA_USAGE = YES_ERROR;
				CLANG_WARN_DOCUMENTATION_COMMENTS = YES;
				CLANG_WARN_EMPTY_BODY = YES;
				CLANG_WARN_ENUM_CONVERSION = YES;
				CLANG_WARN_INFINITE_RECURSION = YES;
				CLANG_WARN_INT_CONVERSION = YES;
				CLANG_WARN_NON_LITERAL_NULL_CONVERSION = YES;
				CLANG_WARN_OBJC_IMPLICIT_RETAIN_SELF = YES;
				CLANG_WARN_OBJC_LITERAL_CONVERSION = YES;
				CLANG_WARN_OBJC_ROOT_CLASS = YES_ERROR;
				CLANG_WARN_QUOTED_INCLUDE_IN_FRAMEWORK_HEADER = YES;
				CLANG_WARN_RANGE_LOOP_ANALYSIS = YES;
				CLANG_WARN_STRICT_PROTOTYPES = YES;
				CLANG_WARN_SUSPICIOUS_MOVE = YES;
				CLANG_WARN_UNGUARDED_AVAILABILITY = YES_AGGRESSIVE;
				CLANG_WARN_UNREACHABLE_CODE = YES;
				CLANG_WARN__DUPLICATE_METHOD_MATCH = YES;
				CODE_SIGN_IDENTITY = "Developer ID Application";
				CODE_SIGN_INJECT_BASE_ENTITLEMENTS = NO;
				CODE_SIGN_STYLE = Manual;
				COPY_PHASE_STRIP = NO;
				DEBUG_INFORMATION_FORMAT = "dwarf-with-dsym";
				DEVELOPMENT_TEAM = SHZQ3MWP3B;
				ENABLE_HARDENED_RUNTIME = YES;
				ENABLE_NS_ASSERTIONS = NO;
				ENABLE_STRICT_OBJC_MSGSEND = YES;
				GCC_C_LANGUAGE_STANDARD = gnu11;
				GCC_NO_COMMON_BLOCKS = YES;
				GCC_WARN_64_TO_32_BIT_CONVERSION = YES;
				GCC_WARN_ABOUT_RETURN_TYPE = YES_ERROR;
				GCC_WARN_UNDECLARED_SELECTOR = YES;
				GCC_WARN_UNINITIALIZED_AUTOS = YES_AGGRESSIVE;
				GCC_WARN_UNUSED_FUNCTION = YES;
				GCC_WARN_UNUSED_VARIABLE = YES;
				MACOSX_DEPLOYMENT_TARGET = 14.0;
				MTL_ENABLE_DEBUG_INFO = NO;
				MTL_FAST_MATH = YES;
				OTHER_CODE_SIGN_FLAGS = "--timestamp";
				PRODUCT_NAME = "$(TARGET_NAME)";
				SDKROOT = macosx;
				SWIFT_COMPILATION_MODE = wholemodule;
				SWIFT_OPTIMIZATION_LEVEL = "-O";
				SWIFT_VERSION = 6.0;
			};
			name = Release;
		};
		FDA1BA2949FF6BC2AE4AFCFA /* Debug */ = {
			isa = XCBuildConfiguration;
			buildSettings = {
				ASSETCATALOG_COMPILER_APPICON_NAME = AppIcon;
				CODE_SIGN_ENTITLEMENTS = OpenInput/Resources/OpenInput.entitlements;
				COMBINE_HIDPI_IMAGES = YES;
				CURRENT_PROJECT_VERSION = 3;
				GENERATE_INFOPLIST_FILE = NO;
				INFOPLIST_FILE = OpenInput/Resources/Info.plist;
				LD_RUNPATH_SEARCH_PATHS = "@executable_path/../Frameworks";
				MARKETING_VERSION = 1.0.2;
				PRODUCT_BUNDLE_IDENTIFIER = com.x0c.openinput;
				PRODUCT_NAME = OpenInput;
				SDKROOT = macosx;
			};
			name = Debug;
		};
/* End XCBuildConfiguration section */

/* Begin XCConfigurationList section */
		61B356B5CF201B9755FDD562 /* Build configuration list for PBXNativeTarget "OpenInput" */ = {
			isa = XCConfigurationList;
			buildConfigurations = (
				FDA1BA2949FF6BC2AE4AFCFA /* Debug */,
				0EB7C876A977E955089E941A /* Release */,
			);
			defaultConfigurationIsVisible = 0;
			defaultConfigurationName = Debug;
		};
		D7F9FD0BCEA20955468652DF /* Build configuration list for PBXProject "OpenInput" */ = {
			isa = XCConfigurationList;
			buildConfigurations = (
				01774D99D8995E2DE468AE8E /* Debug */,
				1EEA20540BB5ACF14726C04E /* Release */,
			);
			defaultConfigurationIsVisible = 0;
			defaultConfigurationName = Debug;
		};
/* End XCConfigurationList section */

/* Begin XCRemoteSwiftPackageReference section */
		65D6C9F73982858D8FA18A35 /* XCRemoteSwiftPackageReference "Sparkle" */ = {
			isa = XCRemoteSwiftPackageReference;
			repositoryURL = "https://github.com/sparkle-project/Sparkle";
			requirement = {
				kind = upToNextMajorVersion;
				minimumVersion = 2.9.4;
			};
		};
		BF9483FD9B399BF90BC0E6CC /* XCRemoteSwiftPackageReference "KeyboardShortcuts" */ = {
			isa = XCRemoteSwiftPackageReference;
			repositoryURL = "https://github.com/sindresorhus/KeyboardShortcuts";
			requirement = {
				kind = upToNextMajorVersion;
				minimumVersion = 2.0.0;
			};
		};
/* End XCRemoteSwiftPackageReference section */

/* Begin XCSwiftPackageProductDependency section */
		0A74D822EA223B654224F337 /* KeyboardShortcuts */ = {
			isa = XCSwiftPackageProductDependency;
			package = BF9483FD9B399BF90BC0E6CC /* XCRemoteSwiftPackageReference "KeyboardShortcuts" */;
			productName = KeyboardShortcuts;
		};
		47BA77B0737A38004390AEEF /* Sparkle */ = {
			isa = XCSwiftPackageProductDependency;
			package = 65D6C9F73982858D8FA18A35 /* XCRemoteSwiftPackageReference "Sparkle" */;
			productName = Sparkle;
		};
/* End XCSwiftPackageProductDependency section */
	};
	rootObject = 6083C0A4D2AD765E653E76F3 /* Project object */;
}
